
Microsoft Visual Studio Solution File, Format Version 12.00
# Visual Studio Version 16
VisualStudioVersion = 16.0.31424.327
MinimumVisualStudioVersion = 10.0.40219.1
Project("{FAE04EC0-301F-11D3-BF4B-00C04F79EFBC}") = "MainProject", "MainProject\MainProject.csproj", "{4A4DFC56-C6E8-44EE-AA84-279CAE897A22}"
EndProject
Project("{FAE04EC0-301F-11D3-BF4B-00C04F79EFBC}") = "SupportLibrary", "SupportLibrary\SupportLibrary.csproj", "{56E453FC-E38F-4EF0-B4E3-F1523AAB576F}"
EndProject
Project("{2150E333-8FDC-42A3-9474-1A3956D46DE8}") = "SolutionItems", "SolutionItems", "{9AFDA5C4-1C55-41EB-8C62-4FD3D42ED74E}"
	ProjectSection(SolutionItems) = preProject
		.gitignore = .gitignore
		README.md = README.md
	EndProjectSection
EndProject
Global
	GlobalSection(SolutionConfigurationPlatforms) = preSolution
		Release|Any CPU = Release|Any CPU
	EndGlobalSection
	GlobalSection(ProjectConfigurationPlatforms) = postSolution
		{4A4DFC56-C6E8-44EE-AA84-279CAE897A22}.Release|Any CPU.ActiveCfg = Debug|Any CPU
		{4A4DFC56-C6E8-44EE-AA84-279CAE897A22}.Release|Any CPU.Build.0 = Debug|Any CPU
		{56E453FC-E38F-4EF0-B4E3-F1523AAB576F}.Release|Any CPU.ActiveCfg = Debug|Any CPU
		{56E453FC-E38F-4EF0-B4E3-F1523AAB576F}.Release|Any CPU.Build.0 = Debug|Any CPU
	EndGlobalSection
	GlobalSection(SolutionProperties) = preSolution
		HideSolutionNode = FALSE
	EndGlobalSection
	GlobalSection(ExtensibilityGlobals) = postSolution
		SolutionGuid = {1818C528-0680-4CA5-AC70-067A7D68F7C3}
	EndGlobalSection
EndGlobal
